// !$*UTF8*$!
{
	archiveVersion = 1;
	classes = {
	};
	objectVersion = 46;
	objects = {

/* Begin PBXAggregateTarget section */
		B7151DA91D899C1E0008B5AC /* EmbedFramework */ = {
			isa = PBXAggregateTarget;
			buildConfigurationList = B7151DAA1D899C1E0008B5AC /* Build configuration list for PBXAggregateTarget "EmbedFramework" */;
			buildPhases = (
				B7151DB11D899C310008B5AC /* ShellScript */,
			);
			dependencies = (
				B7151DAE1D899C250008B5AC /* PBXTargetDependency */,
			);
			name = EmbedFramework;
			productName = EmbedFramework;
		};
/* End PBXAggregateTarget section */

/* Begin PBXBuildFile section */
		5A187A051F66CD41008BA6F6 /* APNG.framework in Frameworks */ = {isa = PBXBuildFile; fileRef = B7151D8E1D892B9C0008B5AC /* APNG.framework */; };
		B7151D671D892B600008B5AC /* Assets.xcassets in Resources */ = {isa = PBXBuildFile; fileRef = B7151D661D892B600008B5AC /* Assets.xcassets */; };
		B7151D6E1D892B600008B5AC /* MessagesExtension.appex in Embed App Extensions */ = {isa = PBXBuildFile; fileRef = B7151D6D1D892B600008B5AC /* MessagesExtension.appex */; settings = {ATTRIBUTES = (RemoveHeadersOnCopy, ); }; };
		B7151D731D892B600008B5AC /* Messages.framework in Frameworks */ = {isa = PBXBuildFile; fileRef = B7151D721D892B600008B5AC /* Messages.framework */; };
		B7151D761D892B600008B5AC /* MessagesViewController.swift in Sources */ = {isa = PBXBuildFile; fileRef = B7151D751D892B600008B5AC /* MessagesViewController.swift */; };
		B7151D7B1D892B600008B5AC /* Assets.xcassets in Resources */ = {isa = PBXBuildFile; fileRef = B7151D7A1D892B600008B5AC /* Assets.xcassets */; };
		B7151D941D892C170008B5AC /* CalloutRenderOperation.swift in Sources */ = {isa = PBXBuildFile; fileRef = B7151D931D892C170008B5AC /* CalloutRenderOperation.swift */; };
		B7151D991D8935210008B5AC /* StickerBrowserController.swift in Sources */ = {isa = PBXBuildFile; fileRef = B7151D981D8935210008B5AC /* StickerBrowserController.swift */; };
		B7151D9D1D894B9E0008B5AC /* MainInterface.storyboard in Resources */ = {isa = PBXBuildFile; fileRef = B7151D9B1D894B9E0008B5AC /* MainInterface.storyboard */; };
/* End PBXBuildFile section */

/* Begin PBXContainerItemProxy section */
		5A187A061F66CD62008BA6F6 /* PBXContainerItemProxy */ = {
			isa = PBXContainerItemProxy;
			containerPortal = B7151D861D892B9B0008B5AC /* APNG.xcodeproj */;
			proxyType = 1;
			remoteGlobalIDString = B7F8FB171D768534008D6106;
			remoteInfo = "APNG(iOS)";
		};
		5A90B56B2018B985000BFBBA /* PBXContainerItemProxy */ = {
			isa = PBXContainerItemProxy;
			containerPortal = B7151D861D892B9B0008B5AC /* APNG.xcodeproj */;
			proxyType = 2;
			remoteGlobalIDString = 5A06FC5C1F6935FD00AB9851;
			remoteInfo = "APNGTests-IOS";
		};
		5A90B56D2018B985000BFBBA /* PBXContainerItemProxy */ = {
			isa = PBXContainerItemProxy;
			containerPortal = B7151D861D892B9B0008B5AC /* APNG.xcodeproj */;
			proxyType = 2;
			remoteGlobalIDString = 5A31880C1F69467A004E3143;
			remoteInfo = APNGTests;
		};
		B7151D6F1D892B600008B5AC /* PBXContainerItemProxy */ = {
			isa = PBXContainerItemProxy;
			containerPortal = B7151D5D1D892B600008B5AC /* Project object */;
			proxyType = 1;
			remoteGlobalIDString = B7151D6C1D892B600008B5AC;
			remoteInfo = MessagesExtension;
		};
		B7151D8B1D892B9C0008B5AC /* PBXContainerItemProxy */ = {
			isa = PBXContainerItemProxy;
			containerPortal = B7151D861D892B9B0008B5AC /* APNG.xcodeproj */;
			proxyType = 2;
			remoteGlobalIDString = B7EA682F1D7681D60041CB2D;
			remoteInfo = APNG;
		};
		B7151D8D1D892B9C0008B5AC /* PBXContainerItemProxy */ = {
			isa = PBXContainerItemProxy;
			containerPortal = B7151D861D892B9B0008B5AC /* APNG.xcodeproj */;
			proxyType = 2;
			remoteGlobalIDString = B7F8FB491D768534008D6106;
			remoteInfo = "APNG(iOS)";
		};
		B7151DAD1D899C250008B5AC /* PBXContainerItemProxy */ = {
			isa = PBXContainerItemProxy;
			containerPortal = B7151D861D892B9B0008B5AC /* APNG.xcodeproj */;
			proxyType = 1;
			remoteGlobalIDString = B7F8FB171D768534008D6106;
			remoteInfo = "APNG(iOS)";
		};
		B7151DAF1D899C290008B5AC /* PBXContainerItemProxy */ = {
			isa = PBXContainerItemProxy;
			containerPortal = B7151D5D1D892B600008B5AC /* Project object */;
			proxyType = 1;
			remoteGlobalIDString = B7151DA91D899C1E0008B5AC;
			remoteInfo = EmbedFramework;
		};
/* End PBXContainerItemProxy section */

/* Begin PBXCopyFilesBuildPhase section */
		B7151D821D892B600008B5AC /* Embed App Extensions */ = {
			isa = PBXCopyFilesBuildPhase;
			buildActionMask = 2147483647;
			dstPath = "";
			dstSubfolderSpec = 13;
			files = (
				B7151D6E1D892B600008B5AC /* MessagesExtension.appex in Embed App Extensions */,
			);
			name = "Embed App Extensions";
			runOnlyForDeploymentPostprocessing = 0;
		};
/* End PBXCopyFilesBuildPhase section */

/* Begin PBXFileReference section */
		B7151D631D892B600008B5AC /* Callout.app */ = {isa = PBXFileReference; explicitFileType = wrapper.application; includeInIndex = 0; path = Callout.app; sourceTree = BUILT_PRODUCTS_DIR; };
		B7151D661D892B600008B5AC /* Assets.xcassets */ = {isa = PBXFileReference; lastKnownFileType = folder.assetcatalog; path = Assets.xcassets; sourceTree = "<group>"; };
		B7151D681D892B600008B5AC /* Info.plist */ = {isa = PBXFileReference; lastKnownFileType = text.plist.xml; path = Info.plist; sourceTree = "<group>"; };
		B7151D6D1D892B600008B5AC /* MessagesExtension.appex */ = {isa = PBXFileReference; explicitFileType = "wrapper.app-extension"; includeInIndex = 0; path = MessagesExtension.appex; sourceTree = BUILT_PRODUCTS_DIR; };
		B7151D721D892B600008B5AC /* Messages.framework */ = {isa = PBXFileReference; lastKnownFileType = wrapper.framework; name = Messages.framework; path = System/Library/Frameworks/Messages.framework; sourceTree = SDKROOT; };
		B7151D751D892B600008B5AC /* MessagesViewController.swift */ = {isa = PBXFileReference; lastKnownFileType = sourcecode.swift; path = MessagesViewController.swift; sourceTree = "<group>"; };
		B7151D7A1D892B600008B5AC /* Assets.xcassets */ = {isa = PBXFileReference; lastKnownFileType = folder.assetcatalog; path = Assets.xcassets; sourceTree = "<group>"; };
		B7151D7C1D892B600008B5AC /* Info.plist */ = {isa = PBXFileReference; lastKnownFileType = text.plist.xml; path = Info.plist; sourceTree = "<group>"; };
		B7151D861D892B9B0008B5AC /* APNG.xcodeproj */ = {isa = PBXFileReference; lastKnownFileType = "wrapper.pb-project"; name = APNG.xcodeproj; path = APNG/APNG.xcodeproj; sourceTree = SOURCE_ROOT; };
		B7151D931D892C170008B5AC /* CalloutRenderOperation.swift */ = {isa = PBXFileReference; fileEncoding = 4; lastKnownFileType = sourcecode.swift; path = CalloutRenderOperation.swift; sourceTree = "<group>"; };
		B7151D981D8935210008B5AC /* StickerBrowserController.swift */ = {isa = PBXFileReference; fileEncoding = 4; lastKnownFileType = sourcecode.swift; path = StickerBrowserController.swift; sourceTree = "<group>"; };
		B7151D9C1D894B9E0008B5AC /* Base */ = {isa = PBXFileReference; lastKnownFileType = file.storyboard; name = Base; path = Base.lproj/MainInterface.storyboard; sourceTree = "<group>"; };
/* End PBXFileReference section */

/* Begin PBXFrameworksBuildPhase section */
		B7151D6A1D892B600008B5AC /* Frameworks */ = {
			isa = PBXFrameworksBuildPhase;
			buildActionMask = 2147483647;
			files = (
				5A187A051F66CD41008BA6F6 /* APNG.framework in Frameworks */,
				B7151D731D892B600008B5AC /* Messages.framework in Frameworks */,
			);
			runOnlyForDeploymentPostprocessing = 0;
		};
/* End PBXFrameworksBuildPhase section */

/* Begin PBXGroup section */
		B7151D5C1D892B600008B5AC = {
			isa = PBXGroup;
			children = (
				B7151D651D892B600008B5AC /* Callout */,
				B7151D741D892B600008B5AC /* MessagesExtension */,
				B7151D711D892B600008B5AC /* Frameworks */,
				B7151D641D892B600008B5AC /* Products */,
			);
			sourceTree = "<group>";
		};
		B7151D641D892B600008B5AC /* Products */ = {
			isa = PBXGroup;
			children = (
				B7151D631D892B600008B5AC /* Callout.app */,
				B7151D6D1D892B600008B5AC /* MessagesExtension.appex */,
			);
			name = Products;
			sourceTree = "<group>";
		};
		B7151D651D892B600008B5AC /* Callout */ = {
			isa = PBXGroup;
			children = (
				B7151D661D892B600008B5AC /* Assets.xcassets */,
				B7151D681D892B600008B5AC /* Info.plist */,
			);
			path = Callout;
			sourceTree = "<group>";
		};
		B7151D711D892B600008B5AC /* Frameworks */ = {
			isa = PBXGroup;
			children = (
				B7151D721D892B600008B5AC /* Messages.framework */,
			);
			name = Frameworks;
			sourceTree = "<group>";
		};
		B7151D741D892B600008B5AC /* MessagesExtension */ = {
			isa = PBXGroup;
			children = (
				B7151D861D892B9B0008B5AC /* APNG.xcodeproj */,
				B7151D751D892B600008B5AC /* MessagesViewController.swift */,
				B7151D931D892C170008B5AC /* CalloutRenderOperation.swift */,
				B7151D981D8935210008B5AC /* StickerBrowserController.swift */,
				B7151D9B1D894B9E0008B5AC /* MainInterface.storyboard */,
				B7151D7A1D892B600008B5AC /* Assets.xcassets */,
				B7151D7C1D892B600008B5AC /* Info.plist */,
			);
			path = MessagesExtension;
			sourceTree = "<group>";
		};
		B7151D871D892B9B0008B5AC /* Products */ = {
			isa = PBXGroup;
			children = (
				B7151D8C1D892B9C0008B5AC /* APNG.framework */,
				B7151D8E1D892B9C0008B5AC /* APNG.framework */,
				5A90B56C2018B985000BFBBA /* APNGTests-IOS.xctest */,
				5A90B56E2018B985000BFBBA /* APNGTests.xctest */,
			);
			name = Products;
			sourceTree = "<group>";
		};
/* End PBXGroup section */

/* Begin PBXNativeTarget section */
		B7151D621D892B600008B5AC /* Callout */ = {
			isa = PBXNativeTarget;
			buildConfigurationList = B7151D831D892B600008B5AC /* Build configuration list for PBXNativeTarget "Callout" */;
			buildPhases = (
				B7151D611D892B600008B5AC /* Resources */,
				B7151D821D892B600008B5AC /* Embed App Extensions */,
			);
			buildRules = (
			);
			dependencies = (
				B7151D701D892B600008B5AC /* PBXTargetDependency */,
			);
			name = Callout;
			productName = Callout;
			productReference = B7151D631D892B600008B5AC /* Callout.app */;
			productType = "com.apple.product-type.application.messages";
		};
		B7151D6C1D892B600008B5AC /* MessagesExtension */ = {
			isa = PBXNativeTarget;
			buildConfigurationList = B7151D7F1D892B600008B5AC /* Build configuration list for PBXNativeTarget "MessagesExtension" */;
			buildPhases = (
				B7151D691D892B600008B5AC /* Sources */,
				B7151D6A1D892B600008B5AC /* Frameworks */,
				B7151D6B1D892B600008B5AC /* Resources */,
			);
			buildRules = (
			);
			dependencies = (
				5A187A071F66CD62008BA6F6 /* PBXTargetDependency */,
				B7151DB01D899C290008B5AC /* PBXTargetDependency */,
			);
			name = MessagesExtension;
			productName = MessagesExtension;
			productReference = B7151D6D1D892B600008B5AC /* MessagesExtension.appex */;
			productType = "com.apple.product-type.app-extension.messages";
		};
/* End PBXNativeTarget section */

/* Begin PBXProject section */
		B7151D5D1D892B600008B5AC /* Project object */ = {
			isa = PBXProject;
			attributes = {
				LastSwiftUpdateCheck = 0800;
				LastUpgradeCheck = 0930;
				ORGANIZATIONNAME = "telethon k.k.";
				TargetAttributes = {
					B7151D621D892B600008B5AC = {
						CreatedOnToolsVersion = 8.0;
						DevelopmentTeam = DVQ96RL2KL;
						LastSwiftMigration = 0900;
						ProvisioningStyle = Automatic;
					};
					B7151D6C1D892B600008B5AC = {
						CreatedOnToolsVersion = 8.0;
						DevelopmentTeam = DVQ96RL2KL;
						LastSwiftMigration = 0900;
						ProvisioningStyle = Automatic;
					};
					B7151DA91D899C1E0008B5AC = {
						CreatedOnToolsVersion = 8.0;
						DevelopmentTeam = DVQ96RL2KL;
						ProvisioningStyle = Automatic;
					};
				};
			};
			buildConfigurationList = B7151D601D892B600008B5AC /* Build configuration list for PBXProject "Callout" */;
			compatibilityVersion = "Xcode 3.2";
			developmentRegion = English;
			hasScannedForEncodings = 0;
			knownRegions = (
				en,
				Base,
			);
			mainGroup = B7151D5C1D892B600008B5AC;
			productRefGroup = B7151D641D892B600008B5AC /* Products */;
			projectDirPath = "";
			projectReferences = (
				{
					ProductGroup = B7151D871D892B9B0008B5AC /* Products */;
					ProjectRef = B7151D861D892B9B0008B5AC /* APNG.xcodeproj */;
				},
			);
			projectRoot = "";
			targets = (
				B7151D621D892B600008B5AC /* Callout */,
				B7151D6C1D892B600008B5AC /* MessagesExtension */,
				B7151DA91D899C1E0008B5AC /* EmbedFramework */,
			);
		};
/* End PBXProject section */

/* Begin PBXReferenceProxy section */
		5A90B56C2018B985000BFBBA /* APNGTests-IOS.xctest */ = {
			isa = PBXReferenceProxy;
			fileType = wrapper.cfbundle;
			path = "APNGTests-IOS.xctest";
			remoteRef = 5A90B56B2018B985000BFBBA /* PBXContainerItemProxy */;
			sourceTree = BUILT_PRODUCTS_DIR;
		};
		5A90B56E2018B985000BFBBA /* APNGTests.xctest */ = {
			isa = PBXReferenceProxy;
			fileType = wrapper.cfbundle;
			path = APNGTests.xctest;
			remoteRef = 5A90B56D2018B985000BFBBA /* PBXContainerItemProxy */;
			sourceTree = BUILT_PRODUCTS_DIR;
		};
		B7151D8C1D892B9C0008B5AC /* APNG.framework */ = {
			isa = PBXReferenceProxy;
			fileType = wrapper.framework;
			path = APNG.framework;
			remoteRef = B7151D8B1D892B9C0008B5AC /* PBXContainerItemProxy */;
			sourceTree = BUILT_PRODUCTS_DIR;
		};
		B7151D8E1D892B9C0008B5AC /* APNG.framework */ = {
			isa = PBXReferenceProxy;
			fileType = wrapper.framework;
			path = APNG.framework;
			remoteRef = B7151D8D1D892B9C0008B5AC /* PBXContainerItemProxy */;
			sourceTree = BUILT_PRODUCTS_DIR;
		};
/* End PBXReferenceProxy section */

/* Begin PBXResourcesBuildPhase section */
		B7151D611D892B600008B5AC /* Resources */ = {
			isa = PBXResourcesBuildPhase;
			buildActionMask = 2147483647;
			files = (
				B7151D671D892B600008B5AC /* Assets.xcassets in Resources */,
			);
			runOnlyForDeploymentPostprocessing = 0;
		};
		B7151D6B1D892B600008B5AC /* Resources */ = {
			isa = PBXResourcesBuildPhase;
			buildActionMask = 2147483647;
			files = (
				B7151D7B1D892B600008B5AC /* Assets.xcassets in Resources */,
				B7151D9D1D894B9E0008B5AC /* MainInterface.storyboard in Resources */,
			);
			runOnlyForDeploymentPostprocessing = 0;
		};
/* End PBXResourcesBuildPhase section */

/* Begin PBXShellScriptBuildPhase section */
		B7151DB11D899C310008B5AC /* ShellScript */ = {
			isa = PBXShellScriptBuildPhase;
			buildActionMask = 2147483647;
			files = (
			);
			inputPaths = (
			);
			outputPaths = (
			);
			runOnlyForDeploymentPostprocessing = 0;
			shellPath = /bin/sh;
			shellScript = "if [ \"${DEPLOYMENT_LOCATION}\" = \"YES\" ] ; then\nFRAMEWORKS_DIR=\"${DSTROOT}/Applications/Callout.app/Frameworks\"\nelse\nFRAMEWORKS_DIR=\"${BUILT_PRODUCTS_DIR}/Callout.app/Frameworks\"\nfi\n\nrm -rf \"${FRAMEWORKS_DIR}/APNG.framework\"\nmkdir -p \"${FRAMEWORKS_DIR}\"\ncp -r \"${BUILT_PRODUCTS_DIR}/APNG.framework\" \"${FRAMEWORKS_DIR}\"";
		};
/* End PBXShellScriptBuildPhase section */

/* Begin PBXSourcesBuildPhase section */
		B7151D691D892B600008B5AC /* Sources */ = {
			isa = PBXSourcesBuildPhase;
			buildActionMask = 2147483647;
			files = (
				B7151D991D8935210008B5AC /* StickerBrowserController.swift in Sources */,
				B7151D941D892C170008B5AC /* CalloutRenderOperation.swift in Sources */,
				B7151D761D892B600008B5AC /* MessagesViewController.swift in Sources */,
			);
			runOnlyForDeploymentPostprocessing = 0;
		};
/* End PBXSourcesBuildPhase section */

/* Begin PBXTargetDependency section */
		5A187A071F66CD62008BA6F6 /* PBXTargetDependency */ = {
			isa = PBXTargetDependency;
			name = "APNG(iOS)";
			targetProxy = 5A187A061F66CD62008BA6F6 /* PBXContainerItemProxy */;
		};
		B7151D701D892B600008B5AC /* PBXTargetDependency */ = {
			isa = PBXTargetDependency;
			target = B7151D6C1D892B600008B5AC /* MessagesExtension */;
			targetProxy = B7151D6F1D892B600008B5AC /* PBXContainerItemProxy */;
		};
		B7151DAE1D899C250008B5AC /* PBXTargetDependency */ = {
			isa = PBXTargetDependency;
			name = "APNG(iOS)";
			targetProxy = B7151DAD1D899C250008B5AC /* PBXContainerItemProxy */;
		};
		B7151DB01D899C290008B5AC /* PBXTargetDependency */ = {
			isa = PBXTargetDependency;
			target = B7151DA91D899C1E0008B5AC /* EmbedFramework */;
			targetProxy = B7151DAF1D899C290008B5AC /* PBXContainerItemProxy */;
		};
/* End PBXTargetDependency section */

/* Begin PBXVariantGroup section */
		B7151D9B1D894B9E0008B5AC /* MainInterface.storyboard */ = {
			isa = PBXVariantGroup;
			children = (
				B7151D9C1D894B9E0008B5AC /* Base */,
			);
			name = MainInterface.storyboard;
			sourceTree = "<group>";
		};
/* End PBXVariantGroup section */

/* Begin XCBuildConfiguration section */
		B7151D7D1D892B600008B5AC /* Debug */ = {
			isa = XCBuildConfiguration;
			buildSettings = {
				ALWAYS_SEARCH_USER_PATHS = NO;
				CLANG_ANALYZER_NONNULL = YES;
				CLANG_CXX_LANGUAGE_STANDARD = "gnu++0x";
				CLANG_CXX_LIBRARY = "libc++";
				CLANG_ENABLE_MODULES = YES;
				CLANG_ENABLE_OBJC_ARC = YES;
				CLANG_WARN_BLOCK_CAPTURE_AUTORELEASING = YES;
				CLANG_WARN_BOOL_CONVERSION = YES;
				CLANG_WARN_COMMA = YES;
				CLANG_WARN_CONSTANT_CONVERSION = YES;
				CLANG_WARN_DEPRECATED_OBJC_IMPLEMENTATIONS = YES;
				CLANG_WARN_DIRECT_OBJC_ISA_USAGE = YES_ERROR;
				CLANG_WARN_DOCUMENTATION_COMMENTS = YES;
				CLANG_WARN_EMPTY_BODY = YES;
				CLANG_WARN_ENUM_CONVERSION = YES;
				CLANG_WARN_INFINITE_RECURSION = YES;
				CLANG_WARN_INT_CONVERSION = YES;
				CLANG_WARN_NON_LITERAL_NULL_CONVERSION = YES;
				CLANG_WARN_OBJC_IMPLICIT_RETAIN_SELF = YES;
				CLANG_WARN_OBJC_LITERAL_CONVERSION = YES;
				CLANG_WARN_OBJC_ROOT_CLASS = YES_ERROR;
				CLANG_WARN_RANGE_LOOP_ANALYSIS = YES;
				CLANG_WARN_STRICT_PROTOTYPES = YES;
				CLANG_WARN_SUSPICIOUS_MOVE = YES;
				CLANG_WARN_SUSPICIOUS_MOVES = YES;
				CLANG_WARN_UNREACHABLE_CODE = YES;
				CLANG_WARN__DUPLICATE_METHOD_MATCH = YES;
				"CODE_SIGN_IDENTITY[sdk=iphoneos*]" = "iPhone Developer";
				COPY_PHASE_STRIP = NO;
				DEBUG_INFORMATION_FORMAT = dwarf;
				ENABLE_STRICT_OBJC_MSGSEND = YES;
				ENABLE_TESTABILITY = YES;
				GCC_C_LANGUAGE_STANDARD = gnu99;
				GCC_DYNAMIC_NO_PIC = NO;
				GCC_NO_COMMON_BLOCKS = YES;
				GCC_OPTIMIZATION_LEVEL = 0;
				GCC_PREPROCESSOR_DEFINITIONS = (
					"DEBUG=1",
					"$(inherited)",
				);
				GCC_WARN_64_TO_32_BIT_CONVERSION = YES;
				GCC_WARN_ABOUT_RETURN_TYPE = YES_ERROR;
				GCC_WARN_UNDECLARED_SELECTOR = YES;
				GCC_WARN_UNINITIALIZED_AUTOS = YES_AGGRESSIVE;
				GCC_WARN_UNUSED_FUNCTION = YES;
				GCC_WARN_UNUSED_VARIABLE = YES;
				IPHONEOS_DEPLOYMENT_TARGET = 10.0;
				MTL_ENABLE_DEBUG_INFO = YES;
				ONLY_ACTIVE_ARCH = YES;
				SDKROOT = iphoneos;
				SWIFT_ACTIVE_COMPILATION_CONDITIONS = DEBUG;
				SWIFT_OPTIMIZATION_LEVEL = "-Onone";
			};
			name = Debug;
		};
		B7151D7E1D892B600008B5AC /* Release */ = {
			isa = XCBuildConfiguration;
			buildSettings = {
				ALWAYS_SEARCH_USER_PATHS = NO;
				CLANG_ANALYZER_NONNULL = YES;
				CLANG_CXX_LANGUAGE_STANDARD = "gnu++0x";
				CLANG_CXX_LIBRARY = "libc++";
				CLANG_ENABLE_MODULES = YES;
				CLANG_ENABLE_OBJC_ARC = YES;
				CLANG_WARN_BLOCK_CAPTURE_AUTORELEASING = YES;
				CLANG_WARN_BOOL_CONVERSION = YES;
				CLANG_WARN_COMMA = YES;
				CLANG_WARN_CONSTANT_CONVERSION = YES;
				CLANG_WARN_DEPRECATED_OBJC_IMPLEMENTATIONS = YES;
				CLANG_WARN_DIRECT_OBJC_ISA_USAGE = YES_ERROR;
				CLANG_WARN_DOCUMENTATION_COMMENTS = YES;
				CLANG_WARN_EMPTY_BODY = YES;
				CLANG_WARN_ENUM_CONVERSION = YES;
				CLANG_WARN_INFINITE_RECURSION = YES;
				CLANG_WARN_INT_CONVERSION = YES;
				CLANG_WARN_NON_LITERAL_NULL_CONVERSION = YES;
				CLANG_WARN_OBJC_IMPLICIT_RETAIN_SELF = YES;
				CLANG_WARN_OBJC_LITERAL_CONVERSION = YES;
				CLANG_WARN_OBJC_ROOT_CLASS = YES_ERROR;
				CLANG_WARN_RANGE_LOOP_ANALYSIS = YES;
				CLANG_WARN_STRICT_PROTOTYPES = YES;
				CLANG_WARN_SUSPICIOUS_MOVE = YES;
				CLANG_WARN_SUSPICIOUS_MOVES = YES;
				CLANG_WARN_UNREACHABLE_CODE = YES;
				CLANG_WARN__DUPLICATE_METHOD_MATCH = YES;
				"CODE_SIGN_IDENTITY[sdk=iphoneos*]" = "iPhone Developer";
				COPY_PHASE_STRIP = NO;
				DEBUG_INFORMATION_FORMAT = "dwarf-with-dsym";
				ENABLE_NS_ASSERTIONS = NO;
				ENABLE_STRICT_OBJC_MSGSEND = YES;
				GCC_C_LANGUAGE_STANDARD = gnu99;
				GCC_NO_COMMON_BLOCKS = YES;
				GCC_WARN_64_TO_32_BIT_CONVERSION = YES;
				GCC_WARN_ABOUT_RETURN_TYPE = YES_ERROR;
				GCC_WARN_UNDECLARED_SELECTOR = YES;
				GCC_WARN_UNINITIALIZED_AUTOS = YES_AGGRESSIVE;
				GCC_WARN_UNUSED_FUNCTION = YES;
				GCC_WARN_UNUSED_VARIABLE = YES;
				IPHONEOS_DEPLOYMENT_TARGET = 10.0;
				MTL_ENABLE_DEBUG_INFO = NO;
				SDKROOT = iphoneos;
				SWIFT_OPTIMIZATION_LEVEL = "-Owholemodule";
				VALIDATE_PRODUCT = YES;
			};
			name = Release;
		};
		B7151D801D892B600008B5AC /* Debug */ = {
			isa = XCBuildConfiguration;
			buildSettings = {
				ASSETCATALOG_COMPILER_APPICON_NAME = "iMessage App Icon";
				DEVELOPMENT_TEAM = DVQ96RL2KL;
				INFOPLIST_FILE = MessagesExtension/Info.plist;
				LD_RUNPATH_SEARCH_PATHS = "$(inherited) @executable_path/Frameworks @executable_path/../../Frameworks";
				PRODUCT_BUNDLE_IDENTIFIER = com.telethon.Callout.MessagesExtension;
				PRODUCT_NAME = "$(TARGET_NAME)";
				SKIP_INSTALL = YES;
				SWIFT_SWIFT3_OBJC_INFERENCE = Default;
				SWIFT_VERSION = 4.0;
				TARGETED_DEVICE_FAMILY = "1,2";
			};
			name = Debug;
		};
		B7151D811D892B600008B5AC /* Release */ = {
			isa = XCBuildConfiguration;
			buildSettings = {
				ASSETCATALOG_COMPILER_APPICON_NAME = "iMessage App Icon";
				DEVELOPMENT_TEAM = DVQ96RL2KL;
				INFOPLIST_FILE = MessagesExtension/Info.plist;
				LD_RUNPATH_SEARCH_PATHS = "$(inherited) @executable_path/Frameworks @executable_path/../../Frameworks";
				PRODUCT_BUNDLE_IDENTIFIER = com.telethon.Callout.MessagesExtension;
				PRODUCT_NAME = "$(TARGET_NAME)";
				SKIP_INSTALL = YES;
				SWIFT_SWIFT3_OBJC_INFERENCE = Default;
				SWIFT_VERSION = 4.0;
				TARGETED_DEVICE_FAMILY = "1,2";
			};
			name = Release;
		};
		B7151D841D892B600008B5AC /* Debug */ = {
			isa = XCBuildConfiguration;
			buildSettings = {
				ALWAYS_EMBED_SWIFT_STANDARD_LIBRARIES = YES;
				ASSETCATALOG_COMPILER_APPICON_NAME = AppIcon;
				DEVELOPMENT_TEAM = DVQ96RL2KL;
				INFOPLIST_FILE = Callout/Info.plist;
				PRODUCT_BUNDLE_IDENTIFIER = com.telethon.Callout;
				PRODUCT_NAME = "$(TARGET_NAME)";
				SWIFT_SWIFT3_OBJC_INFERENCE = Default;
				SWIFT_VERSION = 4.0;
				TARGETED_DEVICE_FAMILY = "1,2";
			};
			name = Debug;
		};
		B7151D851D892B600008B5AC /* Release */ = {
			isa = XCBuildConfiguration;
			buildSettings = {
				ALWAYS_EMBED_SWIFT_STANDARD_LIBRARIES = YES;
				ASSETCATALOG_COMPILER_APPICON_NAME = AppIcon;
				DEVELOPMENT_TEAM = DVQ96RL2KL;
				INFOPLIST_FILE = Callout/Info.plist;
				PRODUCT_BUNDLE_IDENTIFIER = com.telethon.Callout;
				PRODUCT_NAME = "$(TARGET_NAME)";
				SWIFT_SWIFT3_OBJC_INFERENCE = Default;
				SWIFT_VERSION = 4.0;
				TARGETED_DEVICE_FAMILY = "1,2";
			};
			name = Release;
		};
		B7151DAB1D899C1E0008B5AC /* Debug */ = {
			isa = XCBuildConfiguration;
			buildSettings = {
				DEVELOPMENT_TEAM = DVQ96RL2KL;
				PRODUCT_NAME = "$(TARGET_NAME)";
			};
			name = Debug;
		};
		B7151DAC1D899C1E0008B5AC /* Release */ = {
			isa = XCBuildConfiguration;
			buildSettings = {
				DEVELOPMENT_TEAM = DVQ96RL2KL;
				PRODUCT_NAME = "$(TARGET_NAME)";
			};
			name = Release;
		};
/* End XCBuildConfiguration section */

/* Begin XCConfigurationList section */
		B7151D601D892B600008B5AC /* Build configuration list for PBXProject "Callout" */ = {
			isa = XCConfigurationList;
			buildConfigurations = (
				B7151D7D1D892B600008B5AC /* Debug */,
				B7151D7E1D892B600008B5AC /* Release */,
			);
			defaultConfigurationIsVisible = 0;
			defaultConfigurationName = Release;
		};
		B7151D7F1D892B600008B5AC /* Build configuration list for PBXNativeTarget "MessagesExtension" */ = {
			isa = XCConfigurationList;
			buildConfigurations = (
				B7151D801D892B600008B5AC /* Debug */,
				B7151D811D892B600008B5AC /* Release */,
			);
			defaultConfigurationIsVisible = 0;
			defaultConfigurationName = Release;
		};
		B7151D831D892B600008B5AC /* Build configuration list for PBXNativeTarget "Callout" */ = {
			isa = XCConfigurationList;
			buildConfigurations = (
				B7151D841D892B600008B5AC /* Debug */,
				B7151D851D892B600008B5AC /* Release */,
			);
			defaultConfigurationIsVisible = 0;
			defaultConfigurationName = Release;
		};
		B7151DAA1D899C1E0008B5AC /* Build configuration list for PBXAggregateTarget "EmbedFramework" */ = {
			isa = XCConfigurationList;
			buildConfigurations = (
				B7151DAB1D899C1E0008B5AC /* Debug */,
				B7151DAC1D899C1E0008B5AC /* Release */,
			);
			defaultConfigurationIsVisible = 0;
			defaultConfigurationName = Release;
		};
/* End XCConfigurationList section */
	};
	rootObject = B7151D5D1D892B600008B5AC /* Project object */;
}
