{
  "object": {
    "pins": [
      {
        "package": "APNG",
        "repositoryURL": "https://github.com/shinjukunian/APNGasmCocoa.git",
        "state": {
          "branch": "master",
          "revision": "1b43f3e869605c9db2a70d7739d71d6c7190fb74",
          "version": null
        }
      }
    ]
  },
  "version": 1
}
