{
  "object": {
    "pins": [
      {
        "package": "APNG",
        "repositoryURL": "https://github.com/shinjukunian/APNGasmCocoa.git",
        "state": {
          "branch": "master",
          "revision": "08f0c64663a14b580a0ebbc1fb789b7bdd2e7349",
          "version": null
        }
      }
    ]
  },
  "version": 1
}
